
Microsoft Visual Studio Solution File, Format Version 12.00
# Visual Studio Version 16
VisualStudioVersion = 16.0.30002.166
MinimumVisualStudioVersion = 10.0.40219.1
Project("{FAE04EC0-301F-11D3-BF4B-00C04F79EFBC}") = "SM.Service", "SM.Service.csproj", "{7E2ED1CC-72CF-4316-9F23-8567CC353A11}"
EndProject
Project("{9A19103F-16F7-4668-BE54-9A1E7A4F7556}") = "SM.API", "..\SM.API\SM.API.csproj", "{22A5D0B3-D227-46F0-880C-83644AB46718}"
EndProject
Project("{9A19103F-16F7-4668-BE54-9A1E7A4F7556}") = "SM.UI", "..\SM.UI\SM.UI.csproj", "{6C81E8AD-88F3-4052-ACCC-521C4503FFA4}"
EndProject
Global
	GlobalSection(SolutionConfigurationPlatforms) = preSolution
		Debug|Any CPU = Debug|Any CPU
		Release|Any CPU = Release|Any CPU
	EndGlobalSection
	GlobalSection(ProjectConfigurationPlatforms) = postSolution
		{7E2ED1CC-72CF-4316-9F23-8567CC353A11}.Debug|Any CPU.ActiveCfg = Debug|Any CPU
		{7E2ED1CC-72CF-4316-9F23-8567CC353A11}.Debug|Any CPU.Build.0 = Debug|Any CPU
		{7E2ED1CC-72CF-4316-9F23-8567CC353A11}.Release|Any CPU.ActiveCfg = Release|Any CPU
		{7E2ED1CC-72CF-4316-9F23-8567CC353A11}.Release|Any CPU.Build.0 = Release|Any CPU
		{22A5D0B3-D227-46F0-880C-83644AB46718}.Debug|Any CPU.ActiveCfg = Debug|Any CPU
		{22A5D0B3-D227-46F0-880C-83644AB46718}.Debug|Any CPU.Build.0 = Debug|Any CPU
		{22A5D0B3-D227-46F0-880C-83644AB46718}.Release|Any CPU.ActiveCfg = Release|Any CPU
		{22A5D0B3-D227-46F0-880C-83644AB46718}.Release|Any CPU.Build.0 = Release|Any CPU
		{6C81E8AD-88F3-4052-ACCC-521C4503FFA4}.Debug|Any CPU.ActiveCfg = Debug|Any CPU
		{6C81E8AD-88F3-4052-ACCC-521C4503FFA4}.Debug|Any CPU.Build.0 = Debug|Any CPU
		{6C81E8AD-88F3-4052-ACCC-521C4503FFA4}.Release|Any CPU.ActiveCfg = Release|Any CPU
		{6C81E8AD-88F3-4052-ACCC-521C4503FFA4}.Release|Any CPU.Build.0 = Release|Any CPU
	EndGlobalSection
	GlobalSection(SolutionProperties) = preSolution
		HideSolutionNode = FALSE
	EndGlobalSection
	GlobalSection(ExtensibilityGlobals) = postSolution
		SolutionGuid = {AFFF1BD8-4204-4D16-ACFE-EEB15723DDCF}
	EndGlobalSection
EndGlobal
