
Microsoft Visual Studio Solution File, Format Version 12.00
# Visual Studio Version 16
VisualStudioVersion = 16.0.30002.166
MinimumVisualStudioVersion = 10.0.40219.1
Project("{FAE04EC0-301F-11D3-BF4B-00C04F79EFBC}") = "SM.API", "SM.API\SM.API.csproj", "{144CF485-FB05-4CF0-991D-A276FF0F13D9}"
EndProject
Global
	GlobalSection(SolutionConfigurationPlatforms) = preSolution
		Debug|Any CPU = Debug|Any CPU
		Release|Any CPU = Release|Any CPU
	EndGlobalSection
	GlobalSection(ProjectConfigurationPlatforms) = postSolution
		{144CF485-FB05-4CF0-991D-A276FF0F13D9}.Debug|Any CPU.ActiveCfg = Debug|Any CPU
		{144CF485-FB05-4CF0-991D-A276FF0F13D9}.Debug|Any CPU.Build.0 = Debug|Any CPU
		{144CF485-FB05-4CF0-991D-A276FF0F13D9}.Release|Any CPU.ActiveCfg = Release|Any CPU
		{144CF485-FB05-4CF0-991D-A276FF0F13D9}.Release|Any CPU.Build.0 = Release|Any CPU
	EndGlobalSection
	GlobalSection(SolutionProperties) = preSolution
		HideSolutionNode = FALSE
	EndGlobalSection
	GlobalSection(ExtensibilityGlobals) = postSolution
		SolutionGuid = {F5223F75-74A9-4205-B06B-F026F0B787E4}
	EndGlobalSection
EndGlobal
